{
  "originHash" : "66faba91bda7a6ea667d9582bda5084a5bdcc0f94e2f4efac7cc3129160a6b70",
  "pins" : [
    {
      "identity" : "agorainfra_ios",
      "kind" : "remoteSourceControl",
      "location" : "https://github.com/AgoraIO/AgoraInfra_iOS.git",
      "state" : {
        "revision" : "1efd68dbd67bd464e35e799dd3779fa1c6a114c6",
        "version" : "1.3.9"
      }
    },
    {
      "identity" : "agorartcengine_ios",
      "kind" : "remoteSourceControl",
      "location" : "https://github.com/AgoraIO/AgoraRtcEngine_iOS.git",
      "state" : {
        "revision" : "515a9f30c228665cd6cdadc46ae62c04de6ba5c2",
        "version" : "4.5.2"
      }
    },
    {
      "identity" : "avatarkit-ios-release",
      "kind" : "remoteSourceControl",
      "location" : "https://github.com/spatius-ai/avatarkit-ios-release.git",
      "state" : {
        "revision" : "63f6c6ba45f995d5d20b5c8cfce6d0f1422b3488",
        "version" : "1.3.3"
      }
    },
    {
      "identity" : "swift-protobuf",
      "kind" : "remoteSourceControl",
      "location" : "https://github.com/apple/swift-protobuf.git",
      "state" : {
        "revision" : "102a647b573f60f73afdce5613a51d71349fe507",
        "version" : "1.30.0"
      }
    }
  ],
  "version" : 3
}
